PODS:
  - DGCharts (5.1.0):
    - DGCharts/Core (= 5.1.0)
  - DGCharts/Core (5.1.0)
  - Differentiator (5.0.0)
  - FMMoveTableView (1.1.2)
  - PaddingLabel (1.2)
  - QueryKit (0.14.1)
  - RxBlocking (6.6.0):
    - RxSwift (= 6.6.0)
  - RxCocoa (6.6.0):
    - RxRelay (= 6.6.0)
    - RxSwift (= 6.6.0)
  - RxDataSources (5.0.0):
    - Differentiator (~> 5.0)
    - RxCocoa (~> 6.0)
    - RxSwift (~> 6.0)
  - RxRelay (6.6.0):
    - RxSwift (= 6.6.0)
  - RxSwift (6.6.0)
  - RxSwiftExt (6.2.1):
    - RxSwiftExt/Core (= 6.2.1)
    - RxSwiftExt/RxCocoa (= 6.2.1)
  - RxSwiftExt/Core (6.2.1):
    - RxSwift (~> 6.0)
  - RxSwiftExt/RxCocoa (6.2.1):
    - RxCocoa (~> 6.0)
    - RxSwiftExt/Core
  - RxTest (6.6.0):
    - RxSwift (= 6.6.0)
  - SwiftyBeaver (1.9.5)

DEPENDENCIES:
  - DGCharts (= 5.1.0)
  - FMMoveTableView (~> 1.1)
  - PaddingLabel (= 1.2)
  - QueryKit
  - RxBlocking
  - RxCocoa
  - RxDataSources
  - RxSwift
  - RxSwiftExt
  - RxTest
  - SwiftyBeaver (= 1.9.5)

SPEC REPOS:
  trunk:
    - DGCharts
    - Differentiator
    - FMMoveTableView
    - PaddingLabel
    - QueryKit
    - RxBlocking
    - RxCocoa
    - RxDataSources
    - RxRelay
    - RxSwift
    - RxSwiftExt
    - RxTest
    - SwiftyBeaver

SPEC CHECKSUMS:
  DGCharts: 1c6daf585b6cfc78807af44ea690d357c410627f
  Differentiator: e8497ceab83c1b10ca233716d547b9af21b9344d
  FMMoveTableView: 63b46cf806133f5220cf92592dc0e6f7eb07633d
  PaddingLabel: 21ab5282c780366018b04c30e3920c2f55a2fd14
  QueryKit: 60dae8ff75d5805f9c703c68c0ef4294c9dd7de6
  RxBlocking: fbd1f8501443024f686e556f36dac79b0d5f4d7c
  RxCocoa: 44a80de90e25b739b5aeaae3c8c371a32e3343cc
  RxDataSources: aa47cc1ed6c500fa0dfecac5c979b723542d79cf
  RxRelay: 45eaa5db8ee4fb50e5ebd57deec0159e97fa51e6
  RxSwift: a4b44f7d24599f674deebd1818eab82e58410632
  RxSwiftExt: 43aaacb6a4d3c69c55e9d1cf4f79920043d13583
  RxTest: a23f26bb53a5e146a0a69db4f0fa0b69001ce7f4
  SwiftyBeaver: 84069991dd5dca07d7069100985badaca7f0ce82

PODFILE CHECKSUM: a74bba934370ff0bc37899facb84cc5e3cf9d6df

COCOAPODS: 1.11.3
