PODS:
  - Alamofire (5.10.2)
  - DGCharts (5.1.0):
    - DGCharts/Core (= 5.1.0)
  - DGCharts/Core (5.1.0)
  - Differentiator (5.0.0)
  - FMMoveTableView (1.1.2)
  - PaddingLabel (1.2)
  - QueryKit (0.14.1)
  - RxBlocking (6.8.0):
    - RxSwift (= 6.8.0)
  - RxCocoa (6.8.0):
    - RxRelay (= 6.8.0)
    - RxSwift (= 6.8.0)
  - RxDataSources (5.0.0):
    - Differentiator (~> 5.0)
    - RxCocoa (~> 6.0)
    - RxSwift (~> 6.0)
  - RxRelay (6.8.0):
    - RxSwift (= 6.8.0)
  - RxSwift (6.8.0)
  - RxSwiftExt (6.2.1):
    - RxSwiftExt/Core (= 6.2.1)
    - RxSwiftExt/RxCocoa (= 6.2.1)
  - RxSwiftExt/Core (6.2.1):
    - RxSwift (~> 6.0)
  - RxSwiftExt/RxCocoa (6.2.1):
    - RxCocoa (~> 6.0)
    - RxSwiftExt/Core
  - RxTest (6.8.0):
    - RxSwift (= 6.8.0)
  - SwiftSoup (2.7.6)
  - SwiftyBeaver (1.9.5)

DEPENDENCIES:
  - Alamofire
  - DGCharts (= 5.1.0)
  - FMMoveTableView (~> 1.1)
  - PaddingLabel (= 1.2)
  - QueryKit
  - RxBlocking
  - RxCocoa
  - RxDataSources
  - RxSwift
  - RxSwiftExt
  - RxTest
  - SwiftSoup
  - SwiftyBeaver

SPEC REPOS:
  trunk:
    - Alamofire
    - DGCharts
    - Differentiator
    - FMMoveTableView
    - PaddingLabel
    - QueryKit
    - RxBlocking
    - RxCocoa
    - RxDataSources
    - RxRelay
    - RxSwift
    - RxSwiftExt
    - RxTest
    - SwiftSoup
    - SwiftyBeaver

SPEC CHECKSUMS:
  Alamofire: 7193b3b92c74a07f85569e1a6c4f4237291e7496
  DGCharts: 1c6daf585b6cfc78807af44ea690d357c410627f
  Differentiator: e8497ceab83c1b10ca233716d547b9af21b9344d
  FMMoveTableView: 63b46cf806133f5220cf92592dc0e6f7eb07633d
  PaddingLabel: 21ab5282c780366018b04c30e3920c2f55a2fd14
  QueryKit: 60dae8ff75d5805f9c703c68c0ef4294c9dd7de6
  RxBlocking: a8b634fba6850913bc3df40bb73fd08b2dbf0f01
  RxCocoa: 2d33c1e1e5d66492052ad46b11024ae287572880
  RxDataSources: aa47cc1ed6c500fa0dfecac5c979b723542d79cf
  RxRelay: 335c78b926a2aea8d863a6d25f1ed3b5ad8e8705
  RxSwift: 4e28be97cbcfeee614af26d83415febbf2bf6f45
  RxSwiftExt: 43aaacb6a4d3c69c55e9d1cf4f79920043d13583
  RxTest: d0fa1ec82feb41efa826a59173ec65eafbbe4aaf
  SwiftSoup: 9ec2526c76ebc3fe5d3157c82b40b45a27eeb82d
  SwiftyBeaver: 84069991dd5dca07d7069100985badaca7f0ce82

PODFILE CHECKSUM: 7b843d9c7469b2a21886e7bf9b1f839719d5ce2c

COCOAPODS: 1.16.2
